
Microsoft Visual Studio Solution File, Format Version 12.00
# Visual Studio Version 17
VisualStudioVersion = 17.8.34322.80
MinimumVisualStudioVersion = 10.0.40219.1
Project("{2150E333-8FDC-42A3-9474-1A3956D46DE8}") = "Outer", "Outer", "{79669CC3-665D-4FC1-A3FA-3D8C9154B2AF}"
EndProject
Project("{2150E333-8FDC-42A3-9474-1A3956D46DE8}") = "FrameworksAndDrivers", "FrameworksAndDrivers", "{8FEFE8BE-C893-418B-9B03-88E3EB773398}"
EndProject
Project("{2150E333-8FDC-42A3-9474-1A3956D46DE8}") = "Core", "Core", "{85D7D435-942E-4DA0-9968-F51539975A0D}"
EndProject
Project("{2150E333-8FDC-42A3-9474-1A3956D46DE8}") = "InterfaceAdapters", "InterfaceAdapters", "{C97A4589-0E27-4BC4-86D0-0431539AB33E}"
EndProject
Project("{2150E333-8FDC-42A3-9474-1A3956D46DE8}") = "Solution Items", "Solution Items", "{7EA2CD18-2922-4782-91C1-B885526A02AF}"
	ProjectSection(SolutionItems) = preProject
		.gitignore = .gitignore
		docker-compose.yml = docker-compose.yml
		..\README.md = ..\README.md
	EndProjectSection
EndProject
Project("{9A19103F-16F7-4668-BE54-9A1E7A4F7556}") = "DotLanches.Infra", "Adapters\Drivens\DotLanches.Infra\DotLanches.Infra.csproj", "{6C311781-5ADF-4FDA-A5C0-C31EC01A2662}"
EndProject
Project("{9A19103F-16F7-4668-BE54-9A1E7A4F7556}") = "DotLanches.Api", "Adapters\Drivers\DotLanches.Api\DotLanches.Api.csproj", "{05F84372-F3A0-486D-90F5-088085822835}"
EndProject
Project("{9A19103F-16F7-4668-BE54-9A1E7A4F7556}") = "DotLanches.Application", "Core\DotLanches.Application\DotLanches.Application.csproj", "{8EDAC299-AF63-4262-AA0B-59BDCB42B373}"
EndProject
Project("{9A19103F-16F7-4668-BE54-9A1E7A4F7556}") = "DotLanches.Domain", "Core\DotLanches.Domain\DotLanches.Domain.csproj", "{3102FF51-31B8-409E-A387-9942BE4F4A08}"
EndProject
Project("{9A19103F-16F7-4668-BE54-9A1E7A4F7556}") = "DotLanches.Payment", "Adapters\Drivens\DotLanches.Payment\DotLanches.Payment.csproj", "{56D42F1A-76B0-4E33-98CF-644749860987}"
	ProjectSection(ProjectDependencies) = postProject
		{6C311781-5ADF-4FDA-A5C0-C31EC01A2662} = {6C311781-5ADF-4FDA-A5C0-C31EC01A2662}
		{8EDAC299-AF63-4262-AA0B-59BDCB42B373} = {8EDAC299-AF63-4262-AA0B-59BDCB42B373}
	EndProjectSection
EndProject
Project("{2150E333-8FDC-42A3-9474-1A3956D46DE8}") = "Controllers", "Controllers", "{C002B5D4-0E41-4DE6-A284-55E78C9AF031}"
EndProject
Project("{2150E333-8FDC-42A3-9474-1A3956D46DE8}") = "Gateways", "Gateways", "{D7755877-F1CD-4030-A581-64E577FCC34A}"
EndProject
Project("{2150E333-8FDC-42A3-9474-1A3956D46DE8}") = "ExternalInterfaces", "ExternalInterfaces", "{A9A01612-66E4-4AE9-BCAB-F94FB015697F}"
EndProject
Global
	GlobalSection(SolutionConfigurationPlatforms) = preSolution
		Debug|Any CPU = Debug|Any CPU
		Release|Any CPU = Release|Any CPU
	EndGlobalSection
	GlobalSection(ProjectConfigurationPlatforms) = postSolution
		{6C311781-5ADF-4FDA-A5C0-C31EC01A2662}.Debug|Any CPU.ActiveCfg = Debug|Any CPU
		{6C311781-5ADF-4FDA-A5C0-C31EC01A2662}.Debug|Any CPU.Build.0 = Debug|Any CPU
		{6C311781-5ADF-4FDA-A5C0-C31EC01A2662}.Release|Any CPU.ActiveCfg = Release|Any CPU
		{6C311781-5ADF-4FDA-A5C0-C31EC01A2662}.Release|Any CPU.Build.0 = Release|Any CPU
		{05F84372-F3A0-486D-90F5-088085822835}.Debug|Any CPU.ActiveCfg = Debug|Any CPU
		{05F84372-F3A0-486D-90F5-088085822835}.Debug|Any CPU.Build.0 = Debug|Any CPU
		{05F84372-F3A0-486D-90F5-088085822835}.Release|Any CPU.ActiveCfg = Release|Any CPU
		{05F84372-F3A0-486D-90F5-088085822835}.Release|Any CPU.Build.0 = Release|Any CPU
		{8EDAC299-AF63-4262-AA0B-59BDCB42B373}.Debug|Any CPU.ActiveCfg = Debug|Any CPU
		{8EDAC299-AF63-4262-AA0B-59BDCB42B373}.Debug|Any CPU.Build.0 = Debug|Any CPU
		{8EDAC299-AF63-4262-AA0B-59BDCB42B373}.Release|Any CPU.ActiveCfg = Release|Any CPU
		{8EDAC299-AF63-4262-AA0B-59BDCB42B373}.Release|Any CPU.Build.0 = Release|Any CPU
		{3102FF51-31B8-409E-A387-9942BE4F4A08}.Debug|Any CPU.ActiveCfg = Debug|Any CPU
		{3102FF51-31B8-409E-A387-9942BE4F4A08}.Debug|Any CPU.Build.0 = Debug|Any CPU
		{3102FF51-31B8-409E-A387-9942BE4F4A08}.Release|Any CPU.ActiveCfg = Release|Any CPU
		{3102FF51-31B8-409E-A387-9942BE4F4A08}.Release|Any CPU.Build.0 = Release|Any CPU
		{56D42F1A-76B0-4E33-98CF-644749860987}.Debug|Any CPU.ActiveCfg = Debug|Any CPU
		{56D42F1A-76B0-4E33-98CF-644749860987}.Debug|Any CPU.Build.0 = Debug|Any CPU
		{56D42F1A-76B0-4E33-98CF-644749860987}.Release|Any CPU.ActiveCfg = Release|Any CPU
		{56D42F1A-76B0-4E33-98CF-644749860987}.Release|Any CPU.Build.0 = Release|Any CPU
	EndGlobalSection
	GlobalSection(SolutionProperties) = preSolution
		HideSolutionNode = FALSE
	EndGlobalSection
	GlobalSection(NestedProjects) = preSolution
		{8FEFE8BE-C893-418B-9B03-88E3EB773398} = {79669CC3-665D-4FC1-A3FA-3D8C9154B2AF}
		{C97A4589-0E27-4BC4-86D0-0431539AB33E} = {79669CC3-665D-4FC1-A3FA-3D8C9154B2AF}
		{6C311781-5ADF-4FDA-A5C0-C31EC01A2662} = {D7755877-F1CD-4030-A581-64E577FCC34A}
		{05F84372-F3A0-486D-90F5-088085822835} = {C002B5D4-0E41-4DE6-A284-55E78C9AF031}
		{8EDAC299-AF63-4262-AA0B-59BDCB42B373} = {85D7D435-942E-4DA0-9968-F51539975A0D}
		{3102FF51-31B8-409E-A387-9942BE4F4A08} = {85D7D435-942E-4DA0-9968-F51539975A0D}
		{56D42F1A-76B0-4E33-98CF-644749860987} = {A9A01612-66E4-4AE9-BCAB-F94FB015697F}
		{C002B5D4-0E41-4DE6-A284-55E78C9AF031} = {C97A4589-0E27-4BC4-86D0-0431539AB33E}
		{D7755877-F1CD-4030-A581-64E577FCC34A} = {C97A4589-0E27-4BC4-86D0-0431539AB33E}
		{A9A01612-66E4-4AE9-BCAB-F94FB015697F} = {8FEFE8BE-C893-418B-9B03-88E3EB773398}
	EndGlobalSection
	GlobalSection(ExtensibilityGlobals) = postSolution
		SolutionGuid = {0D9EB52E-6F03-419F-910A-1788EF784D74}
	EndGlobalSection
EndGlobal
